{
  "version": "5",
  "remote": {
    "https://deno.land/std@0.203.0/async/delay.ts": "a6142eb44cdd856b645086af2b811b1fcce08ec06bb7d50969e6a872ee9b8659",
    "https://deno.land/std@0.203.0/http/server.ts": "1b2403b3c544c0624ad23e8ca4e05877e65380d9e0d75d04957432d65c3d5f41"
  },
  "workspace": {
    "packageJson": {
      "dependencies": [
        "npm:express@^5.1.0"
      ]
    }
  }
}
